// !$*UTF8*$!
{
	archiveVersion = 1;
	classes = {
	};
	objectVersion = 50;
	objects = {

/* Begin PBXBuildFile section */
		37D361E323098FE900AA85DB /* AppDelegate.m in Sources */ = {isa = PBXBuildFile; fileRef = 37D361E223098FE900AA85DB /* AppDelegate.m */; };
		37D361E523098FEA00AA85DB /* Assets.xcassets in Resources */ = {isa = PBXBuildFile; fileRef = 37D361E423098FEA00AA85DB /* Assets.xcassets */; };
		37D361E823098FEA00AA85DB /* LaunchScreen.storyboard in Resources */ = {isa = PBXBuildFile; fileRef = 37D361E623098FEA00AA85DB /* LaunchScreen.storyboard */; };
		37D361EB23098FEA00AA85DB /* main.m in Sources */ = {isa = PBXBuildFile; fileRef = 37D361EA23098FEA00AA85DB /* main.m */; };
		37D361F523098FEB00AA85DB /* OpenDoorTests.m in Sources */ = {isa = PBXBuildFile; fileRef = 37D361F423098FEB00AA85DB /* OpenDoorTests.m */; };
		37D3620023098FEB00AA85DB /* OpenDoorUITests.m in Sources */ = {isa = PBXBuildFile; fileRef = 37D361FF23098FEB00AA85DB /* OpenDoorUITests.m */; };
/* End PBXBuildFile section */

/* Begin PBXContainerItemProxy section */
		37D361F123098FEB00AA85DB /* PBXContainerItemProxy */ = {
			isa = PBXContainerItemProxy;
			containerPortal = 37D361D623098FE900AA85DB /* Project object */;
			proxyType = 1;
			remoteGlobalIDString = 37D361DD23098FE900AA85DB;
			remoteInfo = OpenDoor;
		};
		37D361FC23098FEB00AA85DB /* PBXContainerItemProxy */ = {
			isa = PBXContainerItemProxy;
			containerPortal = 37D361D623098FE900AA85DB /* Project object */;
			proxyType = 1;
			remoteGlobalIDString = 37D361DD23098FE900AA85DB;
			remoteInfo = OpenDoor;
		};
/* End PBXContainerItemProxy section */

/* Begin PBXFileReference section */
		37D361DE23098FE900AA85DB /* OpenDoor.app */ = {isa = PBXFileReference; explicitFileType = wrapper.application; includeInIndex = 0; path = OpenDoor.app; sourceTree = BUILT_PRODUCTS_DIR; };
		37D361E123098FE900AA85DB /* AppDelegate.h */ = {isa = PBXFileReference; lastKnownFileType = sourcecode.c.h; path = AppDelegate.h; sourceTree = "<group>"; };
		37D361E223098FE900AA85DB /* AppDelegate.m */ = {isa = PBXFileReference; lastKnownFileType = sourcecode.c.objc; path = AppDelegate.m; sourceTree = "<group>"; };
		37D361E423098FEA00AA85DB /* Assets.xcassets */ = {isa = PBXFileReference; lastKnownFileType = folder.assetcatalog; path = Assets.xcassets; sourceTree = "<group>"; };
		37D361E723098FEA00AA85DB /* Base */ = {isa = PBXFileReference; lastKnownFileType = file.storyboard; name = Base; path = Base.lproj/LaunchScreen.storyboard; sourceTree = "<group>"; };
		37D361E923098FEA00AA85DB /* Info.plist */ = {isa = PBXFileReference; lastKnownFileType = text.plist.xml; path = Info.plist; sourceTree = "<group>"; };
		37D361EA23098FEA00AA85DB /* main.m */ = {isa = PBXFileReference; lastKnownFileType = sourcecode.c.objc; path = main.m; sourceTree = "<group>"; };
		37D361F023098FEB00AA85DB /* OpenDoorTests.xctest */ = {isa = PBXFileReference; explicitFileType = wrapper.cfbundle; includeInIndex = 0; path = OpenDoorTests.xctest; sourceTree = BUILT_PRODUCTS_DIR; };
		37D361F423098FEB00AA85DB /* OpenDoorTests.m */ = {isa = PBXFileReference; lastKnownFileType = sourcecode.c.objc; path = OpenDoorTests.m; sourceTree = "<group>"; };
		37D361F623098FEB00AA85DB /* Info.plist */ = {isa = PBXFileReference; lastKnownFileType = text.plist.xml; path = Info.plist; sourceTree = "<group>"; };
		37D361FB23098FEB00AA85DB /* OpenDoorUITests.xctest */ = {isa = PBXFileReference; explicitFileType = wrapper.cfbundle; includeInIndex = 0; path = OpenDoorUITests.xctest; sourceTree = BUILT_PRODUCTS_DIR; };
		37D361FF23098FEB00AA85DB /* OpenDoorUITests.m */ = {isa = PBXFileReference; lastKnownFileType = sourcecode.c.objc; path = OpenDoorUITests.m; sourceTree = "<group>"; };
		37D3620123098FEB00AA85DB /* Info.plist */ = {isa = PBXFileReference; lastKnownFileType = text.plist.xml; path = Info.plist; sourceTree = "<group>"; };
/* End PBXFileReference section */

/* Begin PBXFrameworksBuildPhase section */
		37D361DB23098FE900AA85DB /* Frameworks */ = {
			isa = PBXFrameworksBuildPhase;
			buildActionMask = 2147483647;
			files = (
			);
			runOnlyForDeploymentPostprocessing = 0;
		};
		37D361ED23098FEB00AA85DB /* Frameworks */ = {
			isa = PBXFrameworksBuildPhase;
			buildActionMask = 2147483647;
			files = (
			);
			runOnlyForDeploymentPostprocessing = 0;
		};
		37D361F823098FEB00AA85DB /* Frameworks */ = {
			isa = PBXFrameworksBuildPhase;
			buildActionMask = 2147483647;
			files = (
			);
			runOnlyForDeploymentPostprocessing = 0;
		};
/* End PBXFrameworksBuildPhase section */

/* Begin PBXGroup section */
		37D361D523098FE900AA85DB = {
			isa = PBXGroup;
			children = (
				37D361E023098FE900AA85DB /* OpenDoor */,
				37D361F323098FEB00AA85DB /* OpenDoorTests */,
				37D361FE23098FEB00AA85DB /* OpenDoorUITests */,
				37D361DF23098FE900AA85DB /* Products */,
			);
			sourceTree = "<group>";
		};
		37D361DF23098FE900AA85DB /* Products */ = {
			isa = PBXGroup;
			children = (
				37D361DE23098FE900AA85DB /* OpenDoor.app */,
				37D361F023098FEB00AA85DB /* OpenDoorTests.xctest */,
				37D361FB23098FEB00AA85DB /* OpenDoorUITests.xctest */,
			);
			name = Products;
			sourceTree = "<group>";
		};
		37D361E023098FE900AA85DB /* OpenDoor */ = {
			isa = PBXGroup;
			children = (
				37D361E123098FE900AA85DB /* AppDelegate.h */,
				37D361E223098FE900AA85DB /* AppDelegate.m */,
				37D361E423098FEA00AA85DB /* Assets.xcassets */,
				37D361E623098FEA00AA85DB /* LaunchScreen.storyboard */,
				37D361E923098FEA00AA85DB /* Info.plist */,
				37D361EA23098FEA00AA85DB /* main.m */,
			);
			path = OpenDoor;
			sourceTree = "<group>";
		};
		37D361F323098FEB00AA85DB /* OpenDoorTests */ = {
			isa = PBXGroup;
			children = (
				37D361F423098FEB00AA85DB /* OpenDoorTests.m */,
				37D361F623098FEB00AA85DB /* Info.plist */,
			);
			path = OpenDoorTests;
			sourceTree = "<group>";
		};
		37D361FE23098FEB00AA85DB /* OpenDoorUITests */ = {
			isa = PBXGroup;
			children = (
				37D361FF23098FEB00AA85DB /* OpenDoorUITests.m */,
				37D3620123098FEB00AA85DB /* Info.plist */,
			);
			path = OpenDoorUITests;
			sourceTree = "<group>";
		};
/* End PBXGroup section */

/* Begin PBXNativeTarget section */
		37D361DD23098FE900AA85DB /* OpenDoor */ = {
			isa = PBXNativeTarget;
			buildConfigurationList = 37D3620423098FEB00AA85DB /* Build configuration list for PBXNativeTarget "OpenDoor" */;
			buildPhases = (
				37D361DA23098FE900AA85DB /* Sources */,
				37D361DB23098FE900AA85DB /* Frameworks */,
				37D361DC23098FE900AA85DB /* Resources */,
			);
			buildRules = (
			);
			dependencies = (
			);
			name = OpenDoor;
			productName = OpenDoor;
			productReference = 37D361DE23098FE900AA85DB /* OpenDoor.app */;
			productType = "com.apple.product-type.application";
		};
		37D361EF23098FEB00AA85DB /* OpenDoorTests */ = {
			isa = PBXNativeTarget;
			buildConfigurationList = 37D3620723098FEB00AA85DB /* Build configuration list for PBXNativeTarget "OpenDoorTests" */;
			buildPhases = (
				37D361EC23098FEB00AA85DB /* Sources */,
				37D361ED23098FEB00AA85DB /* Frameworks */,
				37D361EE23098FEB00AA85DB /* Resources */,
			);
			buildRules = (
			);
			dependencies = (
				37D361F223098FEB00AA85DB /* PBXTargetDependency */,
			);
			name = OpenDoorTests;
			productName = OpenDoorTests;
			productReference = 37D361F023098FEB00AA85DB /* OpenDoorTests.xctest */;
			productType = "com.apple.product-type.bundle.unit-test";
		};
		37D361FA23098FEB00AA85DB /* OpenDoorUITests */ = {
			isa = PBXNativeTarget;
			buildConfigurationList = 37D3620A23098FEB00AA85DB /* Build configuration list for PBXNativeTarget "OpenDoorUITests" */;
			buildPhases = (
				37D361F723098FEB00AA85DB /* Sources */,
				37D361F823098FEB00AA85DB /* Frameworks */,
				37D361F923098FEB00AA85DB /* Resources */,
			);
			buildRules = (
			);
			dependencies = (
				37D361FD23098FEB00AA85DB /* PBXTargetDependency */,
			);
			name = OpenDoorUITests;
			productName = OpenDoorUITests;
			productReference = 37D361FB23098FEB00AA85DB /* OpenDoorUITests.xctest */;
			productType = "com.apple.product-type.bundle.ui-testing";
		};
/* End PBXNativeTarget section */

/* Begin PBXProject section */
		37D361D623098FE900AA85DB /* Project object */ = {
			isa = PBXProject;
			attributes = {
				LastUpgradeCheck = 1030;
				ORGANIZATIONNAME = "刘守勋";
				TargetAttributes = {
					37D361DD23098FE900AA85DB = {
						CreatedOnToolsVersion = 10.3;
					};
					37D361EF23098FEB00AA85DB = {
						CreatedOnToolsVersion = 10.3;
						TestTargetID = 37D361DD23098FE900AA85DB;
					};
					37D361FA23098FEB00AA85DB = {
						CreatedOnToolsVersion = 10.3;
						TestTargetID = 37D361DD23098FE900AA85DB;
					};
				};
			};
			buildConfigurationList = 37D361D923098FE900AA85DB /* Build configuration list for PBXProject "OpenDoor" */;
			compatibilityVersion = "Xcode 9.3";
			developmentRegion = en;
			hasScannedForEncodings = 0;
			knownRegions = (
				en,
				Base,
			);
			mainGroup = 37D361D523098FE900AA85DB;
			productRefGroup = 37D361DF23098FE900AA85DB /* Products */;
			projectDirPath = "";
			projectRoot = "";
			targets = (
				37D361DD23098FE900AA85DB /* OpenDoor */,
				37D361EF23098FEB00AA85DB /* OpenDoorTests */,
				37D361FA23098FEB00AA85DB /* OpenDoorUITests */,
			);
		};
/* End PBXProject section */

/* Begin PBXResourcesBuildPhase section */
		37D361DC23098FE900AA85DB /* Resources */ = {
			isa = PBXResourcesBuildPhase;
			buildActionMask = 2147483647;
			files = (
				37D361E523098FEA00AA85DB /* Assets.xcassets in Resources */,
				37D361E823098FEA00AA85DB /* LaunchScreen.storyboard in Resources */,
			);
			runOnlyForDeploymentPostprocessing = 0;
		};
		37D361EE23098FEB00AA85DB /* Resources */ = {
			isa = PBXResourcesBuildPhase;
			buildActionMask = 2147483647;
			files = (
			);
			runOnlyForDeploymentPostprocessing = 0;
		};
		37D361F923098FEB00AA85DB /* Resources */ = {
			isa = PBXResourcesBuildPhase;
			buildActionMask = 2147483647;
			files = (
			);
			runOnlyForDeploymentPostprocessing = 0;
		};
/* End PBXResourcesBuildPhase section */

/* Begin PBXSourcesBuildPhase section */
		37D361DA23098FE900AA85DB /* Sources */ = {
			isa = PBXSourcesBuildPhase;
			buildActionMask = 2147483647;
			files = (
				37D361EB23098FEA00AA85DB /* main.m in Sources */,
				37D361E323098FE900AA85DB /* AppDelegate.m in Sources */,
			);
			runOnlyForDeploymentPostprocessing = 0;
		};
		37D361EC23098FEB00AA85DB /* Sources */ = {
			isa = PBXSourcesBuildPhase;
			buildActionMask = 2147483647;
			files = (
				37D361F523098FEB00AA85DB /* OpenDoorTests.m in Sources */,
			);
			runOnlyForDeploymentPostprocessing = 0;
		};
		37D361F723098FEB00AA85DB /* Sources */ = {
			isa = PBXSourcesBuildPhase;
			buildActionMask = 2147483647;
			files = (
				37D3620023098FEB00AA85DB /* OpenDoorUITests.m in Sources */,
			);
			runOnlyForDeploymentPostprocessing = 0;
		};
/* End PBXSourcesBuildPhase section */

/* Begin PBXTargetDependency section */
		37D361F223098FEB00AA85DB /* PBXTargetDependency */ = {
			isa = PBXTargetDependency;
			target = 37D361DD23098FE900AA85DB /* OpenDoor */;
			targetProxy = 37D361F123098FEB00AA85DB /* PBXContainerItemProxy */;
		};
		37D361FD23098FEB00AA85DB /* PBXTargetDependency */ = {
			isa = PBXTargetDependency;
			target = 37D361DD23098FE900AA85DB /* OpenDoor */;
			targetProxy = 37D361FC23098FEB00AA85DB /* PBXContainerItemProxy */;
		};
/* End PBXTargetDependency section */

/* Begin PBXVariantGroup section */
		37D361E623098FEA00AA85DB /* LaunchScreen.storyboard */ = {
			isa = PBXVariantGroup;
			children = (
				37D361E723098FEA00AA85DB /* Base */,
			);
			name = LaunchScreen.storyboard;
			sourceTree = "<group>";
		};
/* End PBXVariantGroup section */

/* Begin XCBuildConfiguration section */
		37D3620223098FEB00AA85DB /* Debug */ = {
			isa = XCBuildConfiguration;
			buildSettings = {
				ALWAYS_SEARCH_USER_PATHS = NO;
				CLANG_ANALYZER_NONNULL = YES;
				CLANG_ANALYZER_NUMBER_OBJECT_CONVERSION = YES_AGGRESSIVE;
				CLANG_CXX_LANGUAGE_STANDARD = "gnu++14";
				CLANG_CXX_LIBRARY = "libc++";
				CLANG_ENABLE_MODULES = YES;
				CLANG_ENABLE_OBJC_ARC = YES;
				CLANG_ENABLE_OBJC_WEAK = YES;
				CLANG_WARN_BLOCK_CAPTURE_AUTORELEASING = YES;
				CLANG_WARN_BOOL_CONVERSION = YES;
				CLANG_WARN_COMMA = YES;
				CLANG_WARN_CONSTANT_CONVERSION = YES;
				CLANG_WARN_DEPRECATED_OBJC_IMPLEMENTATIONS = YES;
				CLANG_WARN_DIRECT_OBJC_ISA_USAGE = YES_ERROR;
				CLANG_WARN_DOCUMENTATION_COMMENTS = YES;
				CLANG_WARN_EMPTY_BODY = YES;
				CLANG_WARN_ENUM_CONVERSION = YES;
				CLANG_WARN_INFINITE_RECURSION = YES;
				CLANG_WARN_INT_CONVERSION = YES;
				CLANG_WARN_NON_LITERAL_NULL_CONVERSION = YES;
				CLANG_WARN_OBJC_IMPLICIT_RETAIN_SELF = YES;
				CLANG_WARN_OBJC_LITERAL_CONVERSION = YES;
				CLANG_WARN_OBJC_ROOT_CLASS = YES_ERROR;
				CLANG_WARN_RANGE_LOOP_ANALYSIS = YES;
				CLANG_WARN_STRICT_PROTOTYPES = YES;
				CLANG_WARN_SUSPICIOUS_MOVE = YES;
				CLANG_WARN_UNGUARDED_AVAILABILITY = YES_AGGRESSIVE;
				CLANG_WARN_UNREACHABLE_CODE = YES;
				CLANG_WARN__DUPLICATE_METHOD_MATCH = YES;
				CODE_SIGN_IDENTITY = "iPhone Developer";
				COPY_PHASE_STRIP = NO;
				DEBUG_INFORMATION_FORMAT = dwarf;
				ENABLE_STRICT_OBJC_MSGSEND = YES;
				ENABLE_TESTABILITY = YES;
				GCC_C_LANGUAGE_STANDARD = gnu11;
				GCC_DYNAMIC_NO_PIC = NO;
				GCC_NO_COMMON_BLOCKS = YES;
				GCC_OPTIMIZATION_LEVEL = 0;
				GCC_PREPROCESSOR_DEFINITIONS = (
					"DEBUG=1",
					"$(inherited)",
				);
				GCC_WARN_64_TO_32_BIT_CONVERSION = YES;
				GCC_WARN_ABOUT_RETURN_TYPE = YES_ERROR;
				GCC_WARN_UNDECLARED_SELECTOR = YES;
				GCC_WARN_UNINITIALIZED_AUTOS = YES_AGGRESSIVE;
				GCC_WARN_UNUSED_FUNCTION = YES;
				GCC_WARN_UNUSED_VARIABLE = YES;
				IPHONEOS_DEPLOYMENT_TARGET = 12.4;
				MTL_ENABLE_DEBUG_INFO = INCLUDE_SOURCE;
				MTL_FAST_MATH = YES;
				ONLY_ACTIVE_ARCH = YES;
				SDKROOT = iphoneos;
			};
			name = Debug;
		};
		37D3620323098FEB00AA85DB /* Release */ = {
			isa = XCBuildConfiguration;
			buildSettings = {
				ALWAYS_SEARCH_USER_PATHS = NO;
				CLANG_ANALYZER_NONNULL = YES;
				CLANG_ANALYZER_NUMBER_OBJECT_CONVERSION = YES_AGGRESSIVE;
				CLANG_CXX_LANGUAGE_STANDARD = "gnu++14";
				CLANG_CXX_LIBRARY = "libc++";
				CLANG_ENABLE_MODULES = YES;
				CLANG_ENABLE_OBJC_ARC = YES;
				CLANG_ENABLE_OBJC_WEAK = YES;
				CLANG_WARN_BLOCK_CAPTURE_AUTORELEASING = YES;
				CLANG_WARN_BOOL_CONVERSION = YES;
				CLANG_WARN_COMMA = YES;
				CLANG_WARN_CONSTANT_CONVERSION = YES;
				CLANG_WARN_DEPRECATED_OBJC_IMPLEMENTATIONS = YES;
				CLANG_WARN_DIRECT_OBJC_ISA_USAGE = YES_ERROR;
				CLANG_WARN_DOCUMENTATION_COMMENTS = YES;
				CLANG_WARN_EMPTY_BODY = YES;
				CLANG_WARN_ENUM_CONVERSION = YES;
				CLANG_WARN_INFINITE_RECURSION = YES;
				CLANG_WARN_INT_CONVERSION = YES;
				CLANG_WARN_NON_LITERAL_NULL_CONVERSION = YES;
				CLANG_WARN_OBJC_IMPLICIT_RETAIN_SELF = YES;
				CLANG_WARN_OBJC_LITERAL_CONVERSION = YES;
				CLANG_WARN_OBJC_ROOT_CLASS = YES_ERROR;
				CLANG_WARN_RANGE_LOOP_ANALYSIS = YES;
				CLANG_WARN_STRICT_PROTOTYPES = YES;
				CLANG_WARN_SUSPICIOUS_MOVE = YES;
				CLANG_WARN_UNGUARDED_AVAILABILITY = YES_AGGRESSIVE;
				CLANG_WARN_UNREACHABLE_CODE = YES;
				CLANG_WARN__DUPLICATE_METHOD_MATCH = YES;
				CODE_SIGN_IDENTITY = "iPhone Developer";
				COPY_PHASE_STRIP = NO;
				DEBUG_INFORMATION_FORMAT = "dwarf-with-dsym";
				ENABLE_NS_ASSERTIONS = NO;
				ENABLE_STRICT_OBJC_MSGSEND = YES;
				GCC_C_LANGUAGE_STANDARD = gnu11;
				GCC_NO_COMMON_BLOCKS = YES;
				GCC_WARN_64_TO_32_BIT_CONVERSION = YES;
				GCC_WARN_ABOUT_RETURN_TYPE = YES_ERROR;
				GCC_WARN_UNDECLARED_SELECTOR = YES;
				GCC_WARN_UNINITIALIZED_AUTOS = YES_AGGRESSIVE;
				GCC_WARN_UNUSED_FUNCTION = YES;
				GCC_WARN_UNUSED_VARIABLE = YES;
				IPHONEOS_DEPLOYMENT_TARGET = 12.4;
				MTL_ENABLE_DEBUG_INFO = NO;
				MTL_FAST_MATH = YES;
				SDKROOT = iphoneos;
				VALIDATE_PRODUCT = YES;
			};
			name = Release;
		};
		37D3620523098FEB00AA85DB /* Debug */ = {
			isa = XCBuildConfiguration;
			buildSettings = {
				ASSETCATALOG_COMPILER_APPICON_NAME = AppIcon;
				CODE_SIGN_STYLE = Automatic;
				INFOPLIST_FILE = OpenDoor/Info.plist;
				LD_RUNPATH_SEARCH_PATHS = (
					"$(inherited)",
					"@executable_path/Frameworks",
				);
				PRODUCT_BUNDLE_IDENTIFIER = com.Mula.Gguang.OpenDoor;
				PRODUCT_NAME = "$(TARGET_NAME)";
				TARGETED_DEVICE_FAMILY = "1,2";
			};
			name = Debug;
		};
		37D3620623098FEB00AA85DB /* Release */ = {
			isa = XCBuildConfiguration;
			buildSettings = {
				ASSETCATALOG_COMPILER_APPICON_NAME = AppIcon;
				CODE_SIGN_STYLE = Automatic;
				INFOPLIST_FILE = OpenDoor/Info.plist;
				LD_RUNPATH_SEARCH_PATHS = (
					"$(inherited)",
					"@executable_path/Frameworks",
				);
				PRODUCT_BUNDLE_IDENTIFIER = com.Mula.Gguang.OpenDoor;
				PRODUCT_NAME = "$(TARGET_NAME)";
				TARGETED_DEVICE_FAMILY = "1,2";
			};
			name = Release;
		};
		37D3620823098FEB00AA85DB /* Debug */ = {
			isa = XCBuildConfiguration;
			buildSettings = {
				BUNDLE_LOADER = "$(TEST_HOST)";
				CODE_SIGN_STYLE = Automatic;
				INFOPLIST_FILE = OpenDoorTests/Info.plist;
				LD_RUNPATH_SEARCH_PATHS = (
					"$(inherited)",
					"@executable_path/Frameworks",
					"@loader_path/Frameworks",
				);
				PRODUCT_BUNDLE_IDENTIFIER = com.Mula.Gguang.OpenDoorTests;
				PRODUCT_NAME = "$(TARGET_NAME)";
				TARGETED_DEVICE_FAMILY = "1,2";
				TEST_HOST = "$(BUILT_PRODUCTS_DIR)/OpenDoor.app/OpenDoor";
			};
			name = Debug;
		};
		37D3620923098FEB00AA85DB /* Release */ = {
			isa = XCBuildConfiguration;
			buildSettings = {
				BUNDLE_LOADER = "$(TEST_HOST)";
				CODE_SIGN_STYLE = Automatic;
				INFOPLIST_FILE = OpenDoorTests/Info.plist;
				LD_RUNPATH_SEARCH_PATHS = (
					"$(inherited)",
					"@executable_path/Frameworks",
					"@loader_path/Frameworks",
				);
				PRODUCT_BUNDLE_IDENTIFIER = com.Mula.Gguang.OpenDoorTests;
				PRODUCT_NAME = "$(TARGET_NAME)";
				TARGETED_DEVICE_FAMILY = "1,2";
				TEST_HOST = "$(BUILT_PRODUCTS_DIR)/OpenDoor.app/OpenDoor";
			};
			name = Release;
		};
		37D3620B23098FEB00AA85DB /* Debug */ = {
			isa = XCBuildConfiguration;
			buildSettings = {
				CODE_SIGN_STYLE = Automatic;
				INFOPLIST_FILE = OpenDoorUITests/Info.plist;
				LD_RUNPATH_SEARCH_PATHS = (
					"$(inherited)",
					"@executable_path/Frameworks",
					"@loader_path/Frameworks",
				);
				PRODUCT_BUNDLE_IDENTIFIER = com.Mula.Gguang.OpenDoorUITests;
				PRODUCT_NAME = "$(TARGET_NAME)";
				TARGETED_DEVICE_FAMILY = "1,2";
				TEST_TARGET_NAME = OpenDoor;
			};
			name = Debug;
		};
		37D3620C23098FEB00AA85DB /* Release */ = {
			isa = XCBuildConfiguration;
			buildSettings = {
				CODE_SIGN_STYLE = Automatic;
				INFOPLIST_FILE = OpenDoorUITests/Info.plist;
				LD_RUNPATH_SEARCH_PATHS = (
					"$(inherited)",
					"@executable_path/Frameworks",
					"@loader_path/Frameworks",
				);
				PRODUCT_BUNDLE_IDENTIFIER = com.Mula.Gguang.OpenDoorUITests;
				PRODUCT_NAME = "$(TARGET_NAME)";
				TARGETED_DEVICE_FAMILY = "1,2";
				TEST_TARGET_NAME = OpenDoor;
			};
			name = Release;
		};
/* End XCBuildConfiguration section */

/* Begin XCConfigurationList section */
		37D361D923098FE900AA85DB /* Build configuration list for PBXProject "OpenDoor" */ = {
			isa = XCConfigurationList;
			buildConfigurations = (
				37D3620223098FEB00AA85DB /* Debug */,
				37D3620323098FEB00AA85DB /* Release */,
			);
			defaultConfigurationIsVisible = 0;
			defaultConfigurationName = Release;
		};
		37D3620423098FEB00AA85DB /* Build configuration list for PBXNativeTarget "OpenDoor" */ = {
			isa = XCConfigurationList;
			buildConfigurations = (
				37D3620523098FEB00AA85DB /* Debug */,
				37D3620623098FEB00AA85DB /* Release */,
			);
			defaultConfigurationIsVisible = 0;
			defaultConfigurationName = Release;
		};
		37D3620723098FEB00AA85DB /* Build configuration list for PBXNativeTarget "OpenDoorTests" */ = {
			isa = XCConfigurationList;
			buildConfigurations = (
				37D3620823098FEB00AA85DB /* Debug */,
				37D3620923098FEB00AA85DB /* Release */,
			);
			defaultConfigurationIsVisible = 0;
			defaultConfigurationName = Release;
		};
		37D3620A23098FEB00AA85DB /* Build configuration list for PBXNativeTarget "OpenDoorUITests" */ = {
			isa = XCConfigurationList;
			buildConfigurations = (
				37D3620B23098FEB00AA85DB /* Debug */,
				37D3620C23098FEB00AA85DB /* Release */,
			);
			defaultConfigurationIsVisible = 0;
			defaultConfigurationName = Release;
		};
/* End XCConfigurationList section */
	};
	rootObject = 37D361D623098FE900AA85DB /* Project object */;
}
